
Microsoft Visual Studio Solution File, Format Version 12.00
# Visual Studio Version 17
VisualStudioVersion = 17.6.33712.159
MinimumVisualStudioVersion = 10.0.40219.1
Project("{9A19103F-16F7-4668-BE54-9A1E7A4F7556}") = "MyAPI.Framework", "MyAPI.Framework\MyAPI.Framework.csproj", "{230CD178-DA93-4D31-86AA-AD416F47B2DC}"
EndProject
Project("{9A19103F-16F7-4668-BE54-9A1E7A4F7556}") = "MyAPI.Tests", "MyAPI.Tests\MyAPI.Tests.csproj", "{7FF03BA6-E715-4EAC-8E28-91BD9275A94F}"
	ProjectSection(ProjectDependencies) = postProject
		{230CD178-DA93-4D31-86AA-AD416F47B2DC} = {230CD178-DA93-4D31-86AA-AD416F47B2DC}
	EndProjectSection
EndProject
Global
	GlobalSection(SolutionConfigurationPlatforms) = preSolution
		Debug|Any CPU = Debug|Any CPU
		Release|Any CPU = Release|Any CPU
	EndGlobalSection
	GlobalSection(ProjectConfigurationPlatforms) = postSolution
		{230CD178-DA93-4D31-86AA-AD416F47B2DC}.Debug|Any CPU.ActiveCfg = Debug|Any CPU
		{230CD178-DA93-4D31-86AA-AD416F47B2DC}.Debug|Any CPU.Build.0 = Debug|Any CPU
		{230CD178-DA93-4D31-86AA-AD416F47B2DC}.Release|Any CPU.ActiveCfg = Release|Any CPU
		{230CD178-DA93-4D31-86AA-AD416F47B2DC}.Release|Any CPU.Build.0 = Release|Any CPU
		{7FF03BA6-E715-4EAC-8E28-91BD9275A94F}.Debug|Any CPU.ActiveCfg = Debug|Any CPU
		{7FF03BA6-E715-4EAC-8E28-91BD9275A94F}.Debug|Any CPU.Build.0 = Debug|Any CPU
		{7FF03BA6-E715-4EAC-8E28-91BD9275A94F}.Release|Any CPU.ActiveCfg = Release|Any CPU
		{7FF03BA6-E715-4EAC-8E28-91BD9275A94F}.Release|Any CPU.Build.0 = Release|Any CPU
	EndGlobalSection
	GlobalSection(SolutionProperties) = preSolution
		HideSolutionNode = FALSE
	EndGlobalSection
	GlobalSection(ExtensibilityGlobals) = postSolution
		SolutionGuid = {5F62A1ED-6BAC-4F23-B157-3EA7890FED27}
	EndGlobalSection
EndGlobal
